<Project xmlns="http://schemas.microsoft.com/developer/msbuild/2003">
  <PropertyGroup>
    <ProjectGuid>{ED5F24E5-F393-43B4-BC5A-D02072C9D41E}</ProjectGuid>
    <MainSource>RemoveWithTempPolicyFixture.dpr</MainSource>
  </PropertyGroup>
  <ItemGroup>
    <DelphiCompile Include="$(MainSource)"/>
    <DCCReference Include="TempPolicyMain.pas"/>
  </ItemGroup>
</Project>
