<Project xmlns="http://schemas.microsoft.com/developer/msbuild/2003">
  <PropertyGroup>
    <MainSource>RemoveWithSourceModelGoldenFixture.dpr</MainSource>
    <DCC_UnitSearchPath>.;$(DCC_UnitSearchPath)</DCC_UnitSearchPath>
  </PropertyGroup>
  <ItemGroup>
    <DCCReference Include="SourceModelGoldenUnit.pas"/>
  </ItemGroup>
</Project>
