<Project xmlns="http://schemas.microsoft.com/developer/msbuild/2003">
  <PropertyGroup>
    <MainSource>SymbolMapFixture.dpr</MainSource>
  </PropertyGroup>
  <ItemGroup>
    <DCCReference Include="SymbolMapDeclarations.pas"/>
    <DCCReference Include="SymbolMapUnit.pas"/>
  </ItemGroup>
</Project>
